// !$*UTF8*$!
{
	archiveVersion = 1;
	classes = {
	};
	objectVersion = 56;
	objects = {

/* Begin PBXBuildFile section */
		322EB3662C6507650022A763 /* HomeVM.swift in Sources */ = {isa = PBXBuildFile; fileRef = 322EB3652C6507650022A763 /* HomeVM.swift */; };
		322EB3672C6507650022A763 /* HomeVM.swift in Sources */ = {isa = PBXBuildFile; fileRef = 322EB3652C6507650022A763 /* HomeVM.swift */; };
		322EB3682C6507650022A763 /* HomeVM.swift in Sources */ = {isa = PBXBuildFile; fileRef = 322EB3652C6507650022A763 /* HomeVM.swift */; };
		32CE31592C64FDB10077E035 /* DemoProjectApp.swift in Sources */ = {isa = PBXBuildFile; fileRef = 32CE31582C64FDB10077E035 /* DemoProjectApp.swift */; };
		32CE315B2C64FDB10077E035 /* HomeView.swift in Sources */ = {isa = PBXBuildFile; fileRef = 32CE315A2C64FDB10077E035 /* HomeView.swift */; };
		32CE315D2C64FDB50077E035 /* Assets.xcassets in Resources */ = {isa = PBXBuildFile; fileRef = 32CE315C2C64FDB50077E035 /* Assets.xcassets */; };
		32CE31602C64FDB50077E035 /* Preview Assets.xcassets in Resources */ = {isa = PBXBuildFile; fileRef = 32CE315F2C64FDB50077E035 /* Preview Assets.xcassets */; };
		32CE316A2C64FDB60077E035 /* DemoProjectTests.swift in Sources */ = {isa = PBXBuildFile; fileRef = 32CE31692C64FDB60077E035 /* DemoProjectTests.swift */; };
		32CE31742C64FDB60077E035 /* DemoProjectUITests.swift in Sources */ = {isa = PBXBuildFile; fileRef = 32CE31732C64FDB60077E035 /* DemoProjectUITests.swift */; };
		32CE31762C64FDB60077E035 /* DemoProjectUITestsLaunchTests.swift in Sources */ = {isa = PBXBuildFile; fileRef = 32CE31752C64FDB60077E035 /* DemoProjectUITestsLaunchTests.swift */; };
		32CE31832C64FF9C0077E035 /* DataModel.swift in Sources */ = {isa = PBXBuildFile; fileRef = 32CE31822C64FF9B0077E035 /* DataModel.swift */; };
/* End PBXBuildFile section */

/* Begin PBXContainerItemProxy section */
		32CE31662C64FDB60077E035 /* PBXContainerItemProxy */ = {
			isa = PBXContainerItemProxy;
			containerPortal = 32CE314D2C64FDB00077E035 /* Project object */;
			proxyType = 1;
			remoteGlobalIDString = 32CE31542C64FDB10077E035;
			remoteInfo = DemoProject;
		};
		32CE31702C64FDB60077E035 /* PBXContainerItemProxy */ = {
			isa = PBXContainerItemProxy;
			containerPortal = 32CE314D2C64FDB00077E035 /* Project object */;
			proxyType = 1;
			remoteGlobalIDString = 32CE31542C64FDB10077E035;
			remoteInfo = DemoProject;
		};
/* End PBXContainerItemProxy section */

/* Begin PBXFileReference section */
		322EB3652C6507650022A763 /* HomeVM.swift */ = {isa = PBXFileReference; lastKnownFileType = sourcecode.swift; path = HomeVM.swift; sourceTree = "<group>"; };
		32CE31552C64FDB10077E035 /* DemoProject.app */ = {isa = PBXFileReference; explicitFileType = wrapper.application; includeInIndex = 0; path = DemoProject.app; sourceTree = BUILT_PRODUCTS_DIR; };
		32CE31582C64FDB10077E035 /* DemoProjectApp.swift */ = {isa = PBXFileReference; lastKnownFileType = sourcecode.swift; path = DemoProjectApp.swift; sourceTree = "<group>"; };
		32CE315A2C64FDB10077E035 /* HomeView.swift */ = {isa = PBXFileReference; lastKnownFileType = sourcecode.swift; path = HomeView.swift; sourceTree = "<group>"; };
		32CE315C2C64FDB50077E035 /* Assets.xcassets */ = {isa = PBXFileReference; lastKnownFileType = folder.assetcatalog; path = Assets.xcassets; sourceTree = "<group>"; };
		32CE315F2C64FDB50077E035 /* Preview Assets.xcassets */ = {isa = PBXFileReference; lastKnownFileType = folder.assetcatalog; path = "Preview Assets.xcassets"; sourceTree = "<group>"; };
		32CE31652C64FDB60077E035 /* DemoProjectTests.xctest */ = {isa = PBXFileReference; explicitFileType = wrapper.cfbundle; includeInIndex = 0; path = DemoProjectTests.xctest; sourceTree = BUILT_PRODUCTS_DIR; };
		32CE31692C64FDB60077E035 /* DemoProjectTests.swift */ = {isa = PBXFileReference; lastKnownFileType = sourcecode.swift; path = DemoProjectTests.swift; sourceTree = "<group>"; };
		32CE316F2C64FDB60077E035 /* DemoProjectUITests.xctest */ = {isa = PBXFileReference; explicitFileType = wrapper.cfbundle; includeInIndex = 0; path = DemoProjectUITests.xctest; sourceTree = BUILT_PRODUCTS_DIR; };
		32CE31732C64FDB60077E035 /* DemoProjectUITests.swift */ = {isa = PBXFileReference; lastKnownFileType = sourcecode.swift; path = DemoProjectUITests.swift; sourceTree = "<group>"; };
		32CE31752C64FDB60077E035 /* DemoProjectUITestsLaunchTests.swift */ = {isa = PBXFileReference; lastKnownFileType = sourcecode.swift; path = DemoProjectUITestsLaunchTests.swift; sourceTree = "<group>"; };
		32CE31822C64FF9B0077E035 /* DataModel.swift */ = {isa = PBXFileReference; lastKnownFileType = sourcecode.swift; path = DataModel.swift; sourceTree = "<group>"; };
/* End PBXFileReference section */

/* Begin PBXFrameworksBuildPhase section */
		32CE31522C64FDB10077E035 /* Frameworks */ = {
			isa = PBXFrameworksBuildPhase;
			buildActionMask = 2147483647;
			files = (
			);
			runOnlyForDeploymentPostprocessing = 0;
		};
		32CE31622C64FDB60077E035 /* Frameworks */ = {
			isa = PBXFrameworksBuildPhase;
			buildActionMask = 2147483647;
			files = (
			);
			runOnlyForDeploymentPostprocessing = 0;
		};
		32CE316C2C64FDB60077E035 /* Frameworks */ = {
			isa = PBXFrameworksBuildPhase;
			buildActionMask = 2147483647;
			files = (
			);
			runOnlyForDeploymentPostprocessing = 0;
		};
/* End PBXFrameworksBuildPhase section */

/* Begin PBXGroup section */
		3219A2572C663181008C2A85 /* View */ = {
			isa = PBXGroup;
			children = (
				32CE315A2C64FDB10077E035 /* HomeView.swift */,
			);
			path = View;
			sourceTree = "<group>";
		};
		3219A2582C66318B008C2A85 /* ViewModel */ = {
			isa = PBXGroup;
			children = (
				322EB3652C6507650022A763 /* HomeVM.swift */,
			);
			path = ViewModel;
			sourceTree = "<group>";
		};
		3219A2592C663195008C2A85 /* Model */ = {
			isa = PBXGroup;
			children = (
				32CE31822C64FF9B0077E035 /* DataModel.swift */,
			);
			path = Model;
			sourceTree = "<group>";
		};
		32CE314C2C64FDB00077E035 = {
			isa = PBXGroup;
			children = (
				32CE31572C64FDB10077E035 /* DemoProject */,
				32CE31682C64FDB60077E035 /* DemoProjectTests */,
				32CE31722C64FDB60077E035 /* DemoProjectUITests */,
				32CE31562C64FDB10077E035 /* Products */,
			);
			sourceTree = "<group>";
		};
		32CE31562C64FDB10077E035 /* Products */ = {
			isa = PBXGroup;
			children = (
				32CE31552C64FDB10077E035 /* DemoProject.app */,
				32CE31652C64FDB60077E035 /* DemoProjectTests.xctest */,
				32CE316F2C64FDB60077E035 /* DemoProjectUITests.xctest */,
			);
			name = Products;
			sourceTree = "<group>";
		};
		32CE31572C64FDB10077E035 /* DemoProject */ = {
			isa = PBXGroup;
			children = (
				3219A2592C663195008C2A85 /* Model */,
				3219A2572C663181008C2A85 /* View */,
				3219A2582C66318B008C2A85 /* ViewModel */,
				32CE31582C64FDB10077E035 /* DemoProjectApp.swift */,
				32CE315C2C64FDB50077E035 /* Assets.xcassets */,
				32CE315E2C64FDB50077E035 /* Preview Content */,
			);
			path = DemoProject;
			sourceTree = "<group>";
		};
		32CE315E2C64FDB50077E035 /* Preview Content */ = {
			isa = PBXGroup;
			children = (
				32CE315F2C64FDB50077E035 /* Preview Assets.xcassets */,
			);
			path = "Preview Content";
			sourceTree = "<group>";
		};
		32CE31682C64FDB60077E035 /* DemoProjectTests */ = {
			isa = PBXGroup;
			children = (
				32CE31692C64FDB60077E035 /* DemoProjectTests.swift */,
			);
			path = DemoProjectTests;
			sourceTree = "<group>";
		};
		32CE31722C64FDB60077E035 /* DemoProjectUITests */ = {
			isa = PBXGroup;
			children = (
				32CE31732C64FDB60077E035 /* DemoProjectUITests.swift */,
				32CE31752C64FDB60077E035 /* DemoProjectUITestsLaunchTests.swift */,
			);
			path = DemoProjectUITests;
			sourceTree = "<group>";
		};
/* End PBXGroup section */

/* Begin PBXNativeTarget section */
		32CE31542C64FDB10077E035 /* DemoProject */ = {
			isa = PBXNativeTarget;
			buildConfigurationList = 32CE31792C64FDB60077E035 /* Build configuration list for PBXNativeTarget "DemoProject" */;
			buildPhases = (
				32CE31512C64FDB10077E035 /* Sources */,
				32CE31522C64FDB10077E035 /* Frameworks */,
				32CE31532C64FDB10077E035 /* Resources */,
			);
			buildRules = (
			);
			dependencies = (
			);
			name = DemoProject;
			productName = DemoProject;
			productReference = 32CE31552C64FDB10077E035 /* DemoProject.app */;
			productType = "com.apple.product-type.application";
		};
		32CE31642C64FDB60077E035 /* DemoProjectTests */ = {
			isa = PBXNativeTarget;
			buildConfigurationList = 32CE317C2C64FDB60077E035 /* Build configuration list for PBXNativeTarget "DemoProjectTests" */;
			buildPhases = (
				32CE31612C64FDB60077E035 /* Sources */,
				32CE31622C64FDB60077E035 /* Frameworks */,
				32CE31632C64FDB60077E035 /* Resources */,
			);
			buildRules = (
			);
			dependencies = (
				32CE31672C64FDB60077E035 /* PBXTargetDependency */,
			);
			name = DemoProjectTests;
			productName = DemoProjectTests;
			productReference = 32CE31652C64FDB60077E035 /* DemoProjectTests.xctest */;
			productType = "com.apple.product-type.bundle.unit-test";
		};
		32CE316E2C64FDB60077E035 /* DemoProjectUITests */ = {
			isa = PBXNativeTarget;
			buildConfigurationList = 32CE317F2C64FDB60077E035 /* Build configuration list for PBXNativeTarget "DemoProjectUITests" */;
			buildPhases = (
				32CE316B2C64FDB60077E035 /* Sources */,
				32CE316C2C64FDB60077E035 /* Frameworks */,
				32CE316D2C64FDB60077E035 /* Resources */,
			);
			buildRules = (
			);
			dependencies = (
				32CE31712C64FDB60077E035 /* PBXTargetDependency */,
			);
			name = DemoProjectUITests;
			productName = DemoProjectUITests;
			productReference = 32CE316F2C64FDB60077E035 /* DemoProjectUITests.xctest */;
			productType = "com.apple.product-type.bundle.ui-testing";
		};
/* End PBXNativeTarget section */

/* Begin PBXProject section */
		32CE314D2C64FDB00077E035 /* Project object */ = {
			isa = PBXProject;
			attributes = {
				BuildIndependentTargetsInParallel = 1;
				LastSwiftUpdateCheck = 1400;
				LastUpgradeCheck = 1400;
				TargetAttributes = {
					32CE31542C64FDB10077E035 = {
						CreatedOnToolsVersion = 14.0;
					};
					32CE31642C64FDB60077E035 = {
						CreatedOnToolsVersion = 14.0;
						TestTargetID = 32CE31542C64FDB10077E035;
					};
					32CE316E2C64FDB60077E035 = {
						CreatedOnToolsVersion = 14.0;
						TestTargetID = 32CE31542C64FDB10077E035;
					};
				};
			};
			buildConfigurationList = 32CE31502C64FDB00077E035 /* Build configuration list for PBXProject "DemoProject" */;
			compatibilityVersion = "Xcode 14.0";
			developmentRegion = en;
			hasScannedForEncodings = 0;
			knownRegions = (
				en,
				Base,
			);
			mainGroup = 32CE314C2C64FDB00077E035;
			productRefGroup = 32CE31562C64FDB10077E035 /* Products */;
			projectDirPath = "";
			projectRoot = "";
			targets = (
				32CE31542C64FDB10077E035 /* DemoProject */,
				32CE31642C64FDB60077E035 /* DemoProjectTests */,
				32CE316E2C64FDB60077E035 /* DemoProjectUITests */,
			);
		};
/* End PBXProject section */

/* Begin PBXResourcesBuildPhase section */
		32CE31532C64FDB10077E035 /* Resources */ = {
			isa = PBXResourcesBuildPhase;
			buildActionMask = 2147483647;
			files = (
				32CE31602C64FDB50077E035 /* Preview Assets.xcassets in Resources */,
				32CE315D2C64FDB50077E035 /* Assets.xcassets in Resources */,
			);
			runOnlyForDeploymentPostprocessing = 0;
		};
		32CE31632C64FDB60077E035 /* Resources */ = {
			isa = PBXResourcesBuildPhase;
			buildActionMask = 2147483647;
			files = (
			);
			runOnlyForDeploymentPostprocessing = 0;
		};
		32CE316D2C64FDB60077E035 /* Resources */ = {
			isa = PBXResourcesBuildPhase;
			buildActionMask = 2147483647;
			files = (
			);
			runOnlyForDeploymentPostprocessing = 0;
		};
/* End PBXResourcesBuildPhase section */

/* Begin PBXSourcesBuildPhase section */
		32CE31512C64FDB10077E035 /* Sources */ = {
			isa = PBXSourcesBuildPhase;
			buildActionMask = 2147483647;
			files = (
				32CE315B2C64FDB10077E035 /* HomeView.swift in Sources */,
				32CE31592C64FDB10077E035 /* DemoProjectApp.swift in Sources */,
				32CE31832C64FF9C0077E035 /* DataModel.swift in Sources */,
				322EB3662C6507650022A763 /* HomeVM.swift in Sources */,
			);
			runOnlyForDeploymentPostprocessing = 0;
		};
		32CE31612C64FDB60077E035 /* Sources */ = {
			isa = PBXSourcesBuildPhase;
			buildActionMask = 2147483647;
			files = (
				32CE316A2C64FDB60077E035 /* DemoProjectTests.swift in Sources */,
				322EB3672C6507650022A763 /* HomeVM.swift in Sources */,
			);
			runOnlyForDeploymentPostprocessing = 0;
		};
		32CE316B2C64FDB60077E035 /* Sources */ = {
			isa = PBXSourcesBuildPhase;
			buildActionMask = 2147483647;
			files = (
				322EB3682C6507650022A763 /* HomeVM.swift in Sources */,
				32CE31742C64FDB60077E035 /* DemoProjectUITests.swift in Sources */,
				32CE31762C64FDB60077E035 /* DemoProjectUITestsLaunchTests.swift in Sources */,
			);
			runOnlyForDeploymentPostprocessing = 0;
		};
/* End PBXSourcesBuildPhase section */

/* Begin PBXTargetDependency section */
		32CE31672C64FDB60077E035 /* PBXTargetDependency */ = {
			isa = PBXTargetDependency;
			target = 32CE31542C64FDB10077E035 /* DemoProject */;
			targetProxy = 32CE31662C64FDB60077E035 /* PBXContainerItemProxy */;
		};
		32CE31712C64FDB60077E035 /* PBXTargetDependency */ = {
			isa = PBXTargetDependency;
			target = 32CE31542C64FDB10077E035 /* DemoProject */;
			targetProxy = 32CE31702C64FDB60077E035 /* PBXContainerItemProxy */;
		};
/* End PBXTargetDependency section */

/* Begin XCBuildConfiguration section */
		32CE31772C64FDB60077E035 /* Debug */ = {
			isa = XCBuildConfiguration;
			buildSettings = {
				ALWAYS_SEARCH_USER_PATHS = NO;
				CLANG_ANALYZER_NONNULL = YES;
				CLANG_ANALYZER_NUMBER_OBJECT_CONVERSION = YES_AGGRESSIVE;
				CLANG_CXX_LANGUAGE_STANDARD = "gnu++20";
				CLANG_ENABLE_MODULES = YES;
				CLANG_ENABLE_OBJC_ARC = YES;
				CLANG_ENABLE_OBJC_WEAK = YES;
				CLANG_WARN_BLOCK_CAPTURE_AUTORELEASING = YES;
				CLANG_WARN_BOOL_CONVERSION = YES;
				CLANG_WARN_COMMA = YES;
				CLANG_WARN_CONSTANT_CONVERSION = YES;
				CLANG_WARN_DEPRECATED_OBJC_IMPLEMENTATIONS = YES;
				CLANG_WARN_DIRECT_OBJC_ISA_USAGE = YES_ERROR;
				CLANG_WARN_DOCUMENTATION_COMMENTS = YES;
				CLANG_WARN_EMPTY_BODY = YES;
				CLANG_WARN_ENUM_CONVERSION = YES;
				CLANG_WARN_INFINITE_RECURSION = YES;
				CLANG_WARN_INT_CONVERSION = YES;
				CLANG_WARN_NON_LITERAL_NULL_CONVERSION = YES;
				CLANG_WARN_OBJC_IMPLICIT_RETAIN_SELF = YES;
				CLANG_WARN_OBJC_LITERAL_CONVERSION = YES;
				CLANG_WARN_OBJC_ROOT_CLASS = YES_ERROR;
				CLANG_WARN_QUOTED_INCLUDE_IN_FRAMEWORK_HEADER = YES;
				CLANG_WARN_RANGE_LOOP_ANALYSIS = YES;
				CLANG_WARN_STRICT_PROTOTYPES = YES;
				CLANG_WARN_SUSPICIOUS_MOVE = YES;
				CLANG_WARN_UNGUARDED_AVAILABILITY = YES_AGGRESSIVE;
				CLANG_WARN_UNREACHABLE_CODE = YES;
				CLANG_WARN__DUPLICATE_METHOD_MATCH = YES;
				COPY_PHASE_STRIP = NO;
				DEBUG_INFORMATION_FORMAT = dwarf;
				ENABLE_STRICT_OBJC_MSGSEND = YES;
				ENABLE_TESTABILITY = YES;
				GCC_C_LANGUAGE_STANDARD = gnu11;
				GCC_DYNAMIC_NO_PIC = NO;
				GCC_NO_COMMON_BLOCKS = YES;
				GCC_OPTIMIZATION_LEVEL = 0;
				GCC_PREPROCESSOR_DEFINITIONS = (
					"DEBUG=1",
					"$(inherited)",
				);
				GCC_WARN_64_TO_32_BIT_CONVERSION = YES;
				GCC_WARN_ABOUT_RETURN_TYPE = YES_ERROR;
				GCC_WARN_UNDECLARED_SELECTOR = YES;
				GCC_WARN_UNINITIALIZED_AUTOS = YES_AGGRESSIVE;
				GCC_WARN_UNUSED_FUNCTION = YES;
				GCC_WARN_UNUSED_VARIABLE = YES;
				IPHONEOS_DEPLOYMENT_TARGET = 16.0;
				MTL_ENABLE_DEBUG_INFO = INCLUDE_SOURCE;
				MTL_FAST_MATH = YES;
				ONLY_ACTIVE_ARCH = YES;
				SDKROOT = iphoneos;
				SWIFT_ACTIVE_COMPILATION_CONDITIONS = DEBUG;
				SWIFT_OPTIMIZATION_LEVEL = "-Onone";
			};
			name = Debug;
		};
		32CE31782C64FDB60077E035 /* Release */ = {
			isa = XCBuildConfiguration;
			buildSettings = {
				ALWAYS_SEARCH_USER_PATHS = NO;
				CLANG_ANALYZER_NONNULL = YES;
				CLANG_ANALYZER_NUMBER_OBJECT_CONVERSION = YES_AGGRESSIVE;
				CLANG_CXX_LANGUAGE_STANDARD = "gnu++20";
				CLANG_ENABLE_MODULES = YES;
				CLANG_ENABLE_OBJC_ARC = YES;
				CLANG_ENABLE_OBJC_WEAK = YES;
				CLANG_WARN_BLOCK_CAPTURE_AUTORELEASING = YES;
				CLANG_WARN_BOOL_CONVERSION = YES;
				CLANG_WARN_COMMA = YES;
				CLANG_WARN_CONSTANT_CONVERSION = YES;
				CLANG_WARN_DEPRECATED_OBJC_IMPLEMENTATIONS = YES;
				CLANG_WARN_DIRECT_OBJC_ISA_USAGE = YES_ERROR;
				CLANG_WARN_DOCUMENTATION_COMMENTS = YES;
				CLANG_WARN_EMPTY_BODY = YES;
				CLANG_WARN_ENUM_CONVERSION = YES;
				CLANG_WARN_INFINITE_RECURSION = YES;
				CLANG_WARN_INT_CONVERSION = YES;
				CLANG_WARN_NON_LITERAL_NULL_CONVERSION = YES;
				CLANG_WARN_OBJC_IMPLICIT_RETAIN_SELF = YES;
				CLANG_WARN_OBJC_LITERAL_CONVERSION = YES;
				CLANG_WARN_OBJC_ROOT_CLASS = YES_ERROR;
				CLANG_WARN_QUOTED_INCLUDE_IN_FRAMEWORK_HEADER = YES;
				CLANG_WARN_RANGE_LOOP_ANALYSIS = YES;
				CLANG_WARN_STRICT_PROTOTYPES = YES;
				CLANG_WARN_SUSPICIOUS_MOVE = YES;
				CLANG_WARN_UNGUARDED_AVAILABILITY = YES_AGGRESSIVE;
				CLANG_WARN_UNREACHABLE_CODE = YES;
				CLANG_WARN__DUPLICATE_METHOD_MATCH = YES;
				COPY_PHASE_STRIP = NO;
				DEBUG_INFORMATION_FORMAT = "dwarf-with-dsym";
				ENABLE_NS_ASSERTIONS = NO;
				ENABLE_STRICT_OBJC_MSGSEND = YES;
				GCC_C_LANGUAGE_STANDARD = gnu11;
				GCC_NO_COMMON_BLOCKS = YES;
				GCC_WARN_64_TO_32_BIT_CONVERSION = YES;
				GCC_WARN_ABOUT_RETURN_TYPE = YES_ERROR;
				GCC_WARN_UNDECLARED_SELECTOR = YES;
				GCC_WARN_UNINITIALIZED_AUTOS = YES_AGGRESSIVE;
				GCC_WARN_UNUSED_FUNCTION = YES;
				GCC_WARN_UNUSED_VARIABLE = YES;
				IPHONEOS_DEPLOYMENT_TARGET = 16.0;
				MTL_ENABLE_DEBUG_INFO = NO;
				MTL_FAST_MATH = YES;
				SDKROOT = iphoneos;
				SWIFT_COMPILATION_MODE = wholemodule;
				SWIFT_OPTIMIZATION_LEVEL = "-O";
				VALIDATE_PRODUCT = YES;
			};
			name = Release;
		};
		32CE317A2C64FDB60077E035 /* Debug */ = {
			isa = XCBuildConfiguration;
			buildSettings = {
				ASSETCATALOG_COMPILER_APPICON_NAME = AppIcon;
				ASSETCATALOG_COMPILER_GLOBAL_ACCENT_COLOR_NAME = AccentColor;
				CODE_SIGN_STYLE = Automatic;
				CURRENT_PROJECT_VERSION = 1;
				DEVELOPMENT_ASSET_PATHS = "\"DemoProject/Preview Content\"";
				ENABLE_PREVIEWS = YES;
				GENERATE_INFOPLIST_FILE = YES;
				INFOPLIST_KEY_UIApplicationSceneManifest_Generation = YES;
				INFOPLIST_KEY_UIApplicationSupportsIndirectInputEvents = YES;
				INFOPLIST_KEY_UILaunchScreen_Generation = YES;
				INFOPLIST_KEY_UISupportedInterfaceOrientations_iPad = "UIInterfaceOrientationPortrait UIInterfaceOrientationPortraitUpsideDown UIInterfaceOrientationLandscapeLeft UIInterfaceOrientationLandscapeRight";
				INFOPLIST_KEY_UISupportedInterfaceOrientations_iPhone = "UIInterfaceOrientationPortrait UIInterfaceOrientationLandscapeLeft UIInterfaceOrientationLandscapeRight";
				LD_RUNPATH_SEARCH_PATHS = (
					"$(inherited)",
					"@executable_path/Frameworks",
				);
				MARKETING_VERSION = 1.0;
				PRODUCT_BUNDLE_IDENTIFIER = com.TestAPp.DemoProject;
				PRODUCT_NAME = "$(TARGET_NAME)";
				SWIFT_EMIT_LOC_STRINGS = YES;
				SWIFT_VERSION = 5.0;
				TARGETED_DEVICE_FAMILY = "1,2";
			};
			name = Debug;
		};
		32CE317B2C64FDB60077E035 /* Release */ = {
			isa = XCBuildConfiguration;
			buildSettings = {
				ASSETCATALOG_COMPILER_APPICON_NAME = AppIcon;
				ASSETCATALOG_COMPILER_GLOBAL_ACCENT_COLOR_NAME = AccentColor;
				CODE_SIGN_STYLE = Automatic;
				CURRENT_PROJECT_VERSION = 1;
				DEVELOPMENT_ASSET_PATHS = "\"DemoProject/Preview Content\"";
				ENABLE_PREVIEWS = YES;
				GENERATE_INFOPLIST_FILE = YES;
				INFOPLIST_KEY_UIApplicationSceneManifest_Generation = YES;
				INFOPLIST_KEY_UIApplicationSupportsIndirectInputEvents = YES;
				INFOPLIST_KEY_UILaunchScreen_Generation = YES;
				INFOPLIST_KEY_UISupportedInterfaceOrientations_iPad = "UIInterfaceOrientationPortrait UIInterfaceOrientationPortraitUpsideDown UIInterfaceOrientationLandscapeLeft UIInterfaceOrientationLandscapeRight";
				INFOPLIST_KEY_UISupportedInterfaceOrientations_iPhone = "UIInterfaceOrientationPortrait UIInterfaceOrientationLandscapeLeft UIInterfaceOrientationLandscapeRight";
				LD_RUNPATH_SEARCH_PATHS = (
					"$(inherited)",
					"@executable_path/Frameworks",
				);
				MARKETING_VERSION = 1.0;
				PRODUCT_BUNDLE_IDENTIFIER = com.TestAPp.DemoProject;
				PRODUCT_NAME = "$(TARGET_NAME)";
				SWIFT_EMIT_LOC_STRINGS = YES;
				SWIFT_VERSION = 5.0;
				TARGETED_DEVICE_FAMILY = "1,2";
			};
			name = Release;
		};
		32CE317D2C64FDB60077E035 /* Debug */ = {
			isa = XCBuildConfiguration;
			buildSettings = {
				ALWAYS_EMBED_SWIFT_STANDARD_LIBRARIES = YES;
				BUNDLE_LOADER = "$(TEST_HOST)";
				CODE_SIGN_STYLE = Automatic;
				CURRENT_PROJECT_VERSION = 1;
				GENERATE_INFOPLIST_FILE = YES;
				IPHONEOS_DEPLOYMENT_TARGET = 16.0;
				MARKETING_VERSION = 1.0;
				PRODUCT_BUNDLE_IDENTIFIER = com.TestAPp.DemoProjectTests;
				PRODUCT_NAME = "$(TARGET_NAME)";
				SWIFT_EMIT_LOC_STRINGS = NO;
				SWIFT_VERSION = 5.0;
				TARGETED_DEVICE_FAMILY = "1,2";
				TEST_HOST = "$(BUILT_PRODUCTS_DIR)/DemoProject.app/$(BUNDLE_EXECUTABLE_FOLDER_PATH)/DemoProject";
			};
			name = Debug;
		};
		32CE317E2C64FDB60077E035 /* Release */ = {
			isa = XCBuildConfiguration;
			buildSettings = {
				ALWAYS_EMBED_SWIFT_STANDARD_LIBRARIES = YES;
				BUNDLE_LOADER = "$(TEST_HOST)";
				CODE_SIGN_STYLE = Automatic;
				CURRENT_PROJECT_VERSION = 1;
				GENERATE_INFOPLIST_FILE = YES;
				IPHONEOS_DEPLOYMENT_TARGET = 16.0;
				MARKETING_VERSION = 1.0;
				PRODUCT_BUNDLE_IDENTIFIER = com.TestAPp.DemoProjectTests;
				PRODUCT_NAME = "$(TARGET_NAME)";
				SWIFT_EMIT_LOC_STRINGS = NO;
				SWIFT_VERSION = 5.0;
				TARGETED_DEVICE_FAMILY = "1,2";
				TEST_HOST = "$(BUILT_PRODUCTS_DIR)/DemoProject.app/$(BUNDLE_EXECUTABLE_FOLDER_PATH)/DemoProject";
			};
			name = Release;
		};
		32CE31802C64FDB60077E035 /* Debug */ = {
			isa = XCBuildConfiguration;
			buildSettings = {
				ALWAYS_EMBED_SWIFT_STANDARD_LIBRARIES = YES;
				CODE_SIGN_STYLE = Automatic;
				CURRENT_PROJECT_VERSION = 1;
				GENERATE_INFOPLIST_FILE = YES;
				MARKETING_VERSION = 1.0;
				PRODUCT_BUNDLE_IDENTIFIER = com.TestAPp.DemoProjectUITests;
				PRODUCT_NAME = "$(TARGET_NAME)";
				SWIFT_EMIT_LOC_STRINGS = NO;
				SWIFT_VERSION = 5.0;
				TARGETED_DEVICE_FAMILY = "1,2";
				TEST_TARGET_NAME = DemoProject;
			};
			name = Debug;
		};
		32CE31812C64FDB60077E035 /* Release */ = {
			isa = XCBuildConfiguration;
			buildSettings = {
				ALWAYS_EMBED_SWIFT_STANDARD_LIBRARIES = YES;
				CODE_SIGN_STYLE = Automatic;
				CURRENT_PROJECT_VERSION = 1;
				GENERATE_INFOPLIST_FILE = YES;
				MARKETING_VERSION = 1.0;
				PRODUCT_BUNDLE_IDENTIFIER = com.TestAPp.DemoProjectUITests;
				PRODUCT_NAME = "$(TARGET_NAME)";
				SWIFT_EMIT_LOC_STRINGS = NO;
				SWIFT_VERSION = 5.0;
				TARGETED_DEVICE_FAMILY = "1,2";
				TEST_TARGET_NAME = DemoProject;
			};
			name = Release;
		};
/* End XCBuildConfiguration section */

/* Begin XCConfigurationList section */
		32CE31502C64FDB00077E035 /* Build configuration list for PBXProject "DemoProject" */ = {
			isa = XCConfigurationList;
			buildConfigurations = (
				32CE31772C64FDB60077E035 /* Debug */,
				32CE31782C64FDB60077E035 /* Release */,
			);
			defaultConfigurationIsVisible = 0;
			defaultConfigurationName = Release;
		};
		32CE31792C64FDB60077E035 /* Build configuration list for PBXNativeTarget "DemoProject" */ = {
			isa = XCConfigurationList;
			buildConfigurations = (
				32CE317A2C64FDB60077E035 /* Debug */,
				32CE317B2C64FDB60077E035 /* Release */,
			);
			defaultConfigurationIsVisible = 0;
			defaultConfigurationName = Release;
		};
		32CE317C2C64FDB60077E035 /* Build configuration list for PBXNativeTarget "DemoProjectTests" */ = {
			isa = XCConfigurationList;
			buildConfigurations = (
				32CE317D2C64FDB60077E035 /* Debug */,
				32CE317E2C64FDB60077E035 /* Release */,
			);
			defaultConfigurationIsVisible = 0;
			defaultConfigurationName = Release;
		};
		32CE317F2C64FDB60077E035 /* Build configuration list for PBXNativeTarget "DemoProjectUITests" */ = {
			isa = XCConfigurationList;
			buildConfigurations = (
				32CE31802C64FDB60077E035 /* Debug */,
				32CE31812C64FDB60077E035 /* Release */,
			);
			defaultConfigurationIsVisible = 0;
			defaultConfigurationName = Release;
		};
/* End XCConfigurationList section */
	};
	rootObject = 32CE314D2C64FDB00077E035 /* Project object */;
}
